
Microsoft Visual Studio Solution File, Format Version 12.00
# Visual Studio Version 17
VisualStudioVersion = 17.10.34607.79
MinimumVisualStudioVersion = 10.0.40219.1
Project("{FAE04EC0-301F-11D3-BF4B-00C04F79EFBC}") = "contructor_array", "contructor_array.csproj", "{8A5C54D4-C7D0-4313-955A-6CC309FFF6A8}"
EndProject
Global
	GlobalSection(SolutionConfigurationPlatforms) = preSolution
		Debug|Any CPU = Debug|Any CPU
		Release|Any CPU = Release|Any CPU
	EndGlobalSection
	GlobalSection(ProjectConfigurationPlatforms) = postSolution
		{8A5C54D4-C7D0-4313-955A-6CC309FFF6A8}.Debug|Any CPU.ActiveCfg = Debug|Any CPU
		{8A5C54D4-C7D0-4313-955A-6CC309FFF6A8}.Debug|Any CPU.Build.0 = Debug|Any CPU
		{8A5C54D4-C7D0-4313-955A-6CC309FFF6A8}.Release|Any CPU.ActiveCfg = Release|Any CPU
		{8A5C54D4-C7D0-4313-955A-6CC309FFF6A8}.Release|Any CPU.Build.0 = Release|Any CPU
	EndGlobalSection
	GlobalSection(SolutionProperties) = preSolution
		HideSolutionNode = FALSE
	EndGlobalSection
	GlobalSection(ExtensibilityGlobals) = postSolution
		SolutionGuid = {98C59FDB-91B0-4762-A01F-40036D8B0138}
	EndGlobalSection
EndGlobal
