
Microsoft Visual Studio Solution File, Format Version 12.00
# Visual Studio Version 17
VisualStudioVersion = 17.8.34330.188
MinimumVisualStudioVersion = 10.0.40219.1
Project("{FAE04EC0-301F-11D3-BF4B-00C04F79EFBC}") = "biến_tĩnh_phương_thức_tĩnh", "biến_tĩnh_phương_thức_tĩnh.csproj", "{D077DB13-76A5-4BAE-A2F5-5070A7540A60}"
EndProject
Global
	GlobalSection(SolutionConfigurationPlatforms) = preSolution
		Debug|Any CPU = Debug|Any CPU
		Release|Any CPU = Release|Any CPU
	EndGlobalSection
	GlobalSection(ProjectConfigurationPlatforms) = postSolution
		{D077DB13-76A5-4BAE-A2F5-5070A7540A60}.Debug|Any CPU.ActiveCfg = Debug|Any CPU
		{D077DB13-76A5-4BAE-A2F5-5070A7540A60}.Debug|Any CPU.Build.0 = Debug|Any CPU
		{D077DB13-76A5-4BAE-A2F5-5070A7540A60}.Release|Any CPU.ActiveCfg = Release|Any CPU
		{D077DB13-76A5-4BAE-A2F5-5070A7540A60}.Release|Any CPU.Build.0 = Release|Any CPU
	EndGlobalSection
	GlobalSection(SolutionProperties) = preSolution
		HideSolutionNode = FALSE
	EndGlobalSection
	GlobalSection(ExtensibilityGlobals) = postSolution
		SolutionGuid = {ED747E9F-13E6-49AC-B6C3-493FC7148098}
	EndGlobalSection
EndGlobal
