
Microsoft Visual Studio Solution File, Format Version 12.00
# Visual Studio Version 17
VisualStudioVersion = 17.7.34302.85
MinimumVisualStudioVersion = 10.0.40219.1
Project("{FAE04EC0-301F-11D3-BF4B-00C04F79EFBC}") = "ConsoleApp17", "ConsoleApp17.csproj", "{EC65A8B2-CDA0-4A6B-8D8E-3F0AD1CED18B}"
EndProject
Global
	GlobalSection(SolutionConfigurationPlatforms) = preSolution
		Debug|Any CPU = Debug|Any CPU
		Release|Any CPU = Release|Any CPU
	EndGlobalSection
	GlobalSection(ProjectConfigurationPlatforms) = postSolution
		{EC65A8B2-CDA0-4A6B-8D8E-3F0AD1CED18B}.Debug|Any CPU.ActiveCfg = Debug|Any CPU
		{EC65A8B2-CDA0-4A6B-8D8E-3F0AD1CED18B}.Debug|Any CPU.Build.0 = Debug|Any CPU
		{EC65A8B2-CDA0-4A6B-8D8E-3F0AD1CED18B}.Release|Any CPU.ActiveCfg = Release|Any CPU
		{EC65A8B2-CDA0-4A6B-8D8E-3F0AD1CED18B}.Release|Any CPU.Build.0 = Release|Any CPU
	EndGlobalSection
	GlobalSection(SolutionProperties) = preSolution
		HideSolutionNode = FALSE
	EndGlobalSection
	GlobalSection(ExtensibilityGlobals) = postSolution
		SolutionGuid = {38779AD8-BC1E-45B9-B3DC-57DE64CC0EEF}
	EndGlobalSection
EndGlobal
