
Microsoft Visual Studio Solution File, Format Version 12.00
# Visual Studio Version 17
VisualStudioVersion = 17.10.34607.79
MinimumVisualStudioVersion = 10.0.40219.1
Project("{FAE04EC0-301F-11D3-BF4B-00C04F79EFBC}") = "rút ngắn constructor", "rút ngắn constructor.csproj", "{204AE8F6-6335-4746-BED3-1A47CA5008A5}"
EndProject
Global
	GlobalSection(SolutionConfigurationPlatforms) = preSolution
		Debug|Any CPU = Debug|Any CPU
		Release|Any CPU = Release|Any CPU
	EndGlobalSection
	GlobalSection(ProjectConfigurationPlatforms) = postSolution
		{204AE8F6-6335-4746-BED3-1A47CA5008A5}.Debug|Any CPU.ActiveCfg = Debug|Any CPU
		{204AE8F6-6335-4746-BED3-1A47CA5008A5}.Debug|Any CPU.Build.0 = Debug|Any CPU
		{204AE8F6-6335-4746-BED3-1A47CA5008A5}.Release|Any CPU.ActiveCfg = Release|Any CPU
		{204AE8F6-6335-4746-BED3-1A47CA5008A5}.Release|Any CPU.Build.0 = Release|Any CPU
	EndGlobalSection
	GlobalSection(SolutionProperties) = preSolution
		HideSolutionNode = FALSE
	EndGlobalSection
	GlobalSection(ExtensibilityGlobals) = postSolution
		SolutionGuid = {9E72F421-01BF-4C46-8B29-B8FEBD167188}
	EndGlobalSection
EndGlobal
