
Microsoft Visual Studio Solution File, Format Version 12.00
# Visual Studio Version 17
VisualStudioVersion = 17.7.34302.85
MinimumVisualStudioVersion = 10.0.40219.1
Project("{FAE04EC0-301F-11D3-BF4B-00C04F79EFBC}") = "quan_ly_hang", "quan_ly_hang.csproj", "{B6818B45-9A83-4C68-87DD-32CD35A64AE3}"
EndProject
Global
	GlobalSection(SolutionConfigurationPlatforms) = preSolution
		Debug|Any CPU = Debug|Any CPU
		Release|Any CPU = Release|Any CPU
	EndGlobalSection
	GlobalSection(ProjectConfigurationPlatforms) = postSolution
		{B6818B45-9A83-4C68-87DD-32CD35A64AE3}.Debug|Any CPU.ActiveCfg = Debug|Any CPU
		{B6818B45-9A83-4C68-87DD-32CD35A64AE3}.Debug|Any CPU.Build.0 = Debug|Any CPU
		{B6818B45-9A83-4C68-87DD-32CD35A64AE3}.Release|Any CPU.ActiveCfg = Release|Any CPU
		{B6818B45-9A83-4C68-87DD-32CD35A64AE3}.Release|Any CPU.Build.0 = Release|Any CPU
	EndGlobalSection
	GlobalSection(SolutionProperties) = preSolution
		HideSolutionNode = FALSE
	EndGlobalSection
	GlobalSection(ExtensibilityGlobals) = postSolution
		SolutionGuid = {C2CE96C6-5314-4585-BCC0-835DFC69823B}
	EndGlobalSection
EndGlobal
