
Microsoft Visual Studio Solution File, Format Version 12.00
# Visual Studio Version 17
VisualStudioVersion = 17.8.34330.188
MinimumVisualStudioVersion = 10.0.40219.1
Project("{FAE04EC0-301F-11D3-BF4B-00C04F79EFBC}") = "Dependency Inversion (DIP)", "Dependency Inversion (DIP).csproj", "{597BEF13-E7FB-4D0E-B958-CEB0628A66E6}"
EndProject
Global
	GlobalSection(SolutionConfigurationPlatforms) = preSolution
		Debug|Any CPU = Debug|Any CPU
		Release|Any CPU = Release|Any CPU
	EndGlobalSection
	GlobalSection(ProjectConfigurationPlatforms) = postSolution
		{597BEF13-E7FB-4D0E-B958-CEB0628A66E6}.Debug|Any CPU.ActiveCfg = Debug|Any CPU
		{597BEF13-E7FB-4D0E-B958-CEB0628A66E6}.Debug|Any CPU.Build.0 = Debug|Any CPU
		{597BEF13-E7FB-4D0E-B958-CEB0628A66E6}.Release|Any CPU.ActiveCfg = Release|Any CPU
		{597BEF13-E7FB-4D0E-B958-CEB0628A66E6}.Release|Any CPU.Build.0 = Release|Any CPU
	EndGlobalSection
	GlobalSection(SolutionProperties) = preSolution
		HideSolutionNode = FALSE
	EndGlobalSection
	GlobalSection(ExtensibilityGlobals) = postSolution
		SolutionGuid = {1C2F6721-EE14-43C7-AFE9-51966AF7AB21}
	EndGlobalSection
EndGlobal
